// !$*UTF8*$!
{
	archiveVersion = 1;
	classes = {
	};
	objectVersion = 46;
	objects = {

/* Begin PBXBuildFile section */
		93A4135D1E56308A00473E77 /* Cross.swift in Sources */ = {isa = PBXBuildFile; fileRef = 93A413561E56308A00473E77 /* Cross.swift */; };
		93A4135E1E56308A00473E77 /* Cross+Animator.swift in Sources */ = {isa = PBXBuildFile; fileRef = 93A413571E56308A00473E77 /* Cross+Animator.swift */; };
		93A4135F1E56308A00473E77 /* CrossControllable.swift in Sources */ = {isa = PBXBuildFile; fileRef = 93A413581E56308A00473E77 /* CrossControllable.swift */; };
		93A413601E56308A00473E77 /* CrossNavigationController.swift in Sources */ = {isa = PBXBuildFile; fileRef = 93A4135A1E56308A00473E77 /* CrossNavigationController.swift */; };
		93A413611E56308A00473E77 /* CrossPanGestureRecognizer.swift in Sources */ = {isa = PBXBuildFile; fileRef = 93A4135B1E56308A00473E77 /* CrossPanGestureRecognizer.swift */; };
		93A413621E56308A00473E77 /* CrossViewController.swift in Sources */ = {isa = PBXBuildFile; fileRef = 93A4135C1E56308A00473E77 /* CrossViewController.swift */; };
/* End PBXBuildFile section */

/* Begin PBXFileReference section */
		93A413561E56308A00473E77 /* Cross.swift */ = {isa = PBXFileReference; fileEncoding = 4; lastKnownFileType = sourcecode.swift; path = Cross.swift; sourceTree = "<group>"; };
		93A413571E56308A00473E77 /* Cross+Animator.swift */ = {isa = PBXFileReference; fileEncoding = 4; lastKnownFileType = sourcecode.swift; path = "Cross+Animator.swift"; sourceTree = "<group>"; };
		93A413581E56308A00473E77 /* CrossControllable.swift */ = {isa = PBXFileReference; fileEncoding = 4; lastKnownFileType = sourcecode.swift; path = CrossControllable.swift; sourceTree = "<group>"; };
		93A413591E56308A00473E77 /* CrossNavigationController.h */ = {isa = PBXFileReference; fileEncoding = 4; lastKnownFileType = sourcecode.c.h; path = CrossNavigationController.h; sourceTree = "<group>"; };
		93A4135A1E56308A00473E77 /* CrossNavigationController.swift */ = {isa = PBXFileReference; fileEncoding = 4; lastKnownFileType = sourcecode.swift; path = CrossNavigationController.swift; sourceTree = "<group>"; };
		93A4135B1E56308A00473E77 /* CrossPanGestureRecognizer.swift */ = {isa = PBXFileReference; fileEncoding = 4; lastKnownFileType = sourcecode.swift; path = CrossPanGestureRecognizer.swift; sourceTree = "<group>"; };
		93A4135C1E56308A00473E77 /* CrossViewController.swift */ = {isa = PBXFileReference; fileEncoding = 4; lastKnownFileType = sourcecode.swift; path = CrossViewController.swift; sourceTree = "<group>"; };
		OBJ_15 /* CrossNavigationController.framework */ = {isa = PBXFileReference; explicitFileType = wrapper.framework; path = CrossNavigationController.framework; sourceTree = BUILT_PRODUCTS_DIR; };
		OBJ_6 /* Package.swift */ = {isa = PBXFileReference; explicitFileType = sourcecode.swift; path = Package.swift; sourceTree = "<group>"; };
/* End PBXFileReference section */

/* Begin PBXFrameworksBuildPhase section */
		OBJ_23 /* Frameworks */ = {
			isa = PBXFrameworksBuildPhase;
			buildActionMask = 0;
			files = (
			);
			runOnlyForDeploymentPostprocessing = 0;
		};
/* End PBXFrameworksBuildPhase section */

/* Begin PBXGroup section */
		OBJ_14 /* Products */ = {
			isa = PBXGroup;
			children = (
				OBJ_15 /* CrossNavigationController.framework */,
			);
			name = Products;
			sourceTree = BUILT_PRODUCTS_DIR;
		};
		OBJ_5 = {
			isa = PBXGroup;
			children = (
				OBJ_6 /* Package.swift */,
				OBJ_7 /* Sources */,
				OBJ_14 /* Products */,
			);
			sourceTree = "<group>";
		};
		OBJ_7 /* Sources */ = {
			isa = PBXGroup;
			children = (
				OBJ_8 /* CrossNavigationController */,
			);
			path = Sources;
			sourceTree = "<group>";
		};
		OBJ_8 /* CrossNavigationController */ = {
			isa = PBXGroup;
			children = (
				93A413571E56308A00473E77 /* Cross+Animator.swift */,
				93A413561E56308A00473E77 /* Cross.swift */,
				93A413581E56308A00473E77 /* CrossControllable.swift */,
				93A413591E56308A00473E77 /* CrossNavigationController.h */,
				93A4135A1E56308A00473E77 /* CrossNavigationController.swift */,
				93A4135B1E56308A00473E77 /* CrossPanGestureRecognizer.swift */,
				93A4135C1E56308A00473E77 /* CrossViewController.swift */,
			);
			name = CrossNavigationController;
			path = Sources;
			sourceTree = SOURCE_ROOT;
		};
/* End PBXGroup section */

/* Begin PBXNativeTarget section */
		OBJ_17 /* CrossNavigationController */ = {
			isa = PBXNativeTarget;
			buildConfigurationList = OBJ_18 /* Build configuration list for PBXNativeTarget "CrossNavigationController" */;
			buildPhases = (
				OBJ_21 /* Sources */,
				OBJ_23 /* Frameworks */,
			);
			buildRules = (
			);
			dependencies = (
			);
			name = CrossNavigationController;
			productName = CrossNavigationController;
			productReference = OBJ_15 /* CrossNavigationController.framework */;
			productType = "com.apple.product-type.framework";
		};
/* End PBXNativeTarget section */

/* Begin PBXProject section */
		OBJ_1 /* Project object */ = {
			isa = PBXProject;
			attributes = {
				LastUpgradeCheck = 9999;
				TargetAttributes = {
					OBJ_17 = {
						LastSwiftMigration = 0820;
					};
				};
			};
			buildConfigurationList = OBJ_2 /* Build configuration list for PBXProject "CrossNavigationController" */;
			compatibilityVersion = "Xcode 3.2";
			developmentRegion = English;
			hasScannedForEncodings = 0;
			knownRegions = (
				en,
			);
			mainGroup = OBJ_5;
			productRefGroup = OBJ_14 /* Products */;
			projectDirPath = "";
			projectRoot = "";
			targets = (
				OBJ_17 /* CrossNavigationController */,
			);
		};
/* End PBXProject section */

/* Begin PBXSourcesBuildPhase section */
		OBJ_21 /* Sources */ = {
			isa = PBXSourcesBuildPhase;
			buildActionMask = 0;
			files = (
				93A4135E1E56308A00473E77 /* Cross+Animator.swift in Sources */,
				93A4135D1E56308A00473E77 /* Cross.swift in Sources */,
				93A4135F1E56308A00473E77 /* CrossControllable.swift in Sources */,
				93A413601E56308A00473E77 /* CrossNavigationController.swift in Sources */,
				93A413611E56308A00473E77 /* CrossPanGestureRecognizer.swift in Sources */,
				93A413621E56308A00473E77 /* CrossViewController.swift in Sources */,
			);
			runOnlyForDeploymentPostprocessing = 0;
		};
/* End PBXSourcesBuildPhase section */

/* Begin XCBuildConfiguration section */
		OBJ_19 /* Debug */ = {
			isa = XCBuildConfiguration;
			buildSettings = {
				CLANG_ENABLE_MODULES = YES;
				DEFINES_MODULE = YES;
				ENABLE_TESTABILITY = YES;
				FRAMEWORK_SEARCH_PATHS = (
					"$(inherited)",
					"$(PLATFORM_DIR)/Developer/Library/Frameworks",
				);
				HEADER_SEARCH_PATHS = "$(inherited)";
				INFOPLIST_FILE = CrossNavigationController.xcodeproj/CrossNavigationController_Info.plist;
				LD_RUNPATH_SEARCH_PATHS = "$(TOOLCHAIN_DIR)/usr/lib/swift/macosx";
				OTHER_LDFLAGS = "$(inherited)";
				OTHER_SWIFT_FLAGS = "$(inherited)";
				PRODUCT_BUNDLE_IDENTIFIER = CrossNavigationController;
				PRODUCT_MODULE_NAME = "$(TARGET_NAME:c99extidentifier)";
				PRODUCT_NAME = "$(TARGET_NAME:c99extidentifier)";
				SWIFT_OPTIMIZATION_LEVEL = "-Onone";
				SWIFT_VERSION = 3.0;
				TARGET_NAME = CrossNavigationController;
			};
			name = Debug;
		};
		OBJ_20 /* Release */ = {
			isa = XCBuildConfiguration;
			buildSettings = {
				CLANG_ENABLE_MODULES = YES;
				DEFINES_MODULE = YES;
				ENABLE_TESTABILITY = YES;
				FRAMEWORK_SEARCH_PATHS = (
					"$(inherited)",
					"$(PLATFORM_DIR)/Developer/Library/Frameworks",
				);
				HEADER_SEARCH_PATHS = "$(inherited)";
				INFOPLIST_FILE = CrossNavigationController.xcodeproj/CrossNavigationController_Info.plist;
				LD_RUNPATH_SEARCH_PATHS = "$(TOOLCHAIN_DIR)/usr/lib/swift/macosx";
				OTHER_LDFLAGS = "$(inherited)";
				OTHER_SWIFT_FLAGS = "$(inherited)";
				PRODUCT_BUNDLE_IDENTIFIER = CrossNavigationController;
				PRODUCT_MODULE_NAME = "$(TARGET_NAME:c99extidentifier)";
				PRODUCT_NAME = "$(TARGET_NAME:c99extidentifier)";
				SWIFT_VERSION = 3.0;
				TARGET_NAME = CrossNavigationController;
			};
			name = Release;
		};
		OBJ_3 /* Debug */ = {
			isa = XCBuildConfiguration;
			buildSettings = {
				COMBINE_HIDPI_IMAGES = YES;
				COPY_PHASE_STRIP = NO;
				DEBUG_INFORMATION_FORMAT = dwarf;
				DYLIB_INSTALL_NAME_BASE = "@rpath";
				ENABLE_NS_ASSERTIONS = YES;
				GCC_OPTIMIZATION_LEVEL = 0;
				IPHONEOS_DEPLOYMENT_TARGET = 9.0;
				MACOSX_DEPLOYMENT_TARGET = 10.10;
				ONLY_ACTIVE_ARCH = YES;
				OTHER_SWIFT_FLAGS = "-DXcode";
				PRODUCT_NAME = "$(TARGET_NAME)";
				SDKROOT = iphoneos10.2;
				SUPPORTED_PLATFORMS = "iphonesimulator iphoneos";
				SWIFT_ACTIVE_COMPILATION_CONDITIONS = SWIFT_PACKAGE;
				SWIFT_OPTIMIZATION_LEVEL = "-Onone";
				SWIFT_VERSION = 3.0;
				USE_HEADERMAP = NO;
			};
			name = Debug;
		};
		OBJ_4 /* Release */ = {
			isa = XCBuildConfiguration;
			buildSettings = {
				COMBINE_HIDPI_IMAGES = YES;
				COPY_PHASE_STRIP = YES;
				DEBUG_INFORMATION_FORMAT = "dwarf-with-dsym";
				DYLIB_INSTALL_NAME_BASE = "@rpath";
				GCC_OPTIMIZATION_LEVEL = s;
				IPHONEOS_DEPLOYMENT_TARGET = 9.0;
				MACOSX_DEPLOYMENT_TARGET = 10.10;
				OTHER_SWIFT_FLAGS = "-DXcode";
				PRODUCT_NAME = "$(TARGET_NAME)";
				SDKROOT = iphoneos10.2;
				SUPPORTED_PLATFORMS = "iphonesimulator iphoneos";
				SWIFT_ACTIVE_COMPILATION_CONDITIONS = SWIFT_PACKAGE;
				SWIFT_OPTIMIZATION_LEVEL = "-O";
				SWIFT_VERSION = 3.0;
				USE_HEADERMAP = NO;
			};
			name = Release;
		};
/* End XCBuildConfiguration section */

/* Begin XCConfigurationList section */
		OBJ_18 /* Build configuration list for PBXNativeTarget "CrossNavigationController" */ = {
			isa = XCConfigurationList;
			buildConfigurations = (
				OBJ_19 /* Debug */,
				OBJ_20 /* Release */,
			);
			defaultConfigurationIsVisible = 0;
			defaultConfigurationName = Debug;
		};
		OBJ_2 /* Build configuration list for PBXProject "CrossNavigationController" */ = {
			isa = XCConfigurationList;
			buildConfigurations = (
				OBJ_3 /* Debug */,
				OBJ_4 /* Release */,
			);
			defaultConfigurationIsVisible = 0;
			defaultConfigurationName = Debug;
		};
/* End XCConfigurationList section */
	};
	rootObject = OBJ_1 /* Project object */;
}
